
Microsoft Visual Studio Solution File, Format Version 12.00
# Visual Studio Version 17
VisualStudioVersion = 17.14.37628.2 d17.14
MinimumVisualStudioVersion = 10.0.40219.1
Project("{FAE04EC0-301F-11D3-BF4B-00C04F79EFBC}") = "API", "API\API.csproj", "{D038A0B6-9AAB-4B74-A25E-4E4E24C86986}"
EndProject
Global
	GlobalSection(SolutionConfigurationPlatforms) = preSolution
		Debug|Any CPU = Debug|Any CPU
		Release|Any CPU = Release|Any CPU
	EndGlobalSection
	GlobalSection(ProjectConfigurationPlatforms) = postSolution
		{D038A0B6-9AAB-4B74-A25E-4E4E24C86986}.Debug|Any CPU.ActiveCfg = Debug|Any CPU
		{D038A0B6-9AAB-4B74-A25E-4E4E24C86986}.Debug|Any CPU.Build.0 = Debug|Any CPU
		{D038A0B6-9AAB-4B74-A25E-4E4E24C86986}.Release|Any CPU.ActiveCfg = Release|Any CPU
		{D038A0B6-9AAB-4B74-A25E-4E4E24C86986}.Release|Any CPU.Build.0 = Release|Any CPU
	EndGlobalSection
	GlobalSection(SolutionProperties) = preSolution
		HideSolutionNode = FALSE
	EndGlobalSection
	GlobalSection(ExtensibilityGlobals) = postSolution
		SolutionGuid = {343BBA8A-F12A-4F6E-AD7F-9277778F8798}
	EndGlobalSection
EndGlobal
